{
  "name": "tinejs.prisma",
  "version": "0.0.26",
  "lockfileVersion": 2,
  "requires": true,
  "packages": {
    "": {
      "name": "tinejs.prisma",
      "version": "0.0.26",
      "license": "ISC",
      "dependencies": {
        "@prisma/client": "^5.1.1",
        "tinejs": "^0.0.74"
      },
      "devDependencies": {
        "prisma": "^5.1.1",
        "typescript": "^5.0.4"
      },
      "peerDependencies": {
        "@prisma/client": "^4.13.0"
      }
    },
    "node_modules/@prisma/client": {
      "version": "5.5.1",
      "resolved": "https://registry.npmjs.org/@prisma/client/-/client-5.5.1.tgz",
      "integrity": "sha512-Yvcwx1/Q0nIdv2jvH/4pyTRl5I+76/ef0C3xCrAkBKTIjXHiRptbyyK/+CWEaBY9yE98MIdi9gwZcR3C22eTuQ==",
      "hasInstallScript": true,
      "dependencies": {
        "@prisma/engines-version": "5.5.0-19.475c616176945d72f4330c92801f0c5e6398dc0f"
      },
      "engines": {
        "node": ">=16.13"
      },
      "peerDependencies": {
        "prisma": "*"
      },
      "peerDependenciesMeta": {
        "prisma": {
          "optional": true
        }
      }
    },
    "node_modules/@prisma/engines": {
      "version": "5.5.1",
      "resolved": "https://registry.npmjs.org/@prisma/engines/-/engines-5.5.1.tgz",
      "integrity": "sha512-6P4bTYb7WCWwHW50tsJvZTeZIM7HotuwDEY61wAX46b69eMbuXTsNB9dquEmwKaiG7ggk+igOoH8chSO3+/VkQ==",
      "devOptional": true,
      "hasInstallScript": true
    },
    "node_modules/@prisma/engines-version": {
      "version": "5.5.0-19.475c616176945d72f4330c92801f0c5e6398dc0f",
      "resolved": "https://registry.npmjs.org/@prisma/engines-version/-/engines-version-5.5.0-19.475c616176945d72f4330c92801f0c5e6398dc0f.tgz",
      "integrity": "sha512-/1orOUq7I54ISYBJockYB15FmF/VkCBeFzYYkWyLtBl2tLlJWHmA3NEUBM+wSmXGLK78BmuSNHrLbf8bmXkukQ=="
    },
    "node_modules/copy-anything": {
      "version": "3.0.5",
      "resolved": "https://registry.npmjs.org/copy-anything/-/copy-anything-3.0.5.tgz",
      "integrity": "sha512-yCEafptTtb4bk7GLEQoM8KVJpxAfdBJYaXyzQEgQQQgYrZiDp8SJmGKlYza6CYjEDNstAdNdKA3UuoULlEbS6w==",
      "dependencies": {
        "is-what": "^4.1.8"
      },
      "engines": {
        "node": ">=12.13"
      },
      "funding": {
        "url": "https://github.com/sponsors/mesqueeb"
      }
    },
    "node_modules/is-what": {
      "version": "4.1.15",
      "resolved": "https://registry.npmjs.org/is-what/-/is-what-4.1.15.tgz",
      "integrity": "sha512-uKua1wfy3Yt+YqsD6mTUEa2zSi3G1oPlqTflgaPJ7z63vUGN5pxFpnQfeSLMFnJDEsdvOtkp1rUWkYjB4YfhgA==",
      "engines": {
        "node": ">=12.13"
      },
      "funding": {
        "url": "https://github.com/sponsors/mesqueeb"
      }
    },
    "node_modules/prisma": {
      "version": "5.5.1",
      "resolved": "https://registry.npmjs.org/prisma/-/prisma-5.5.1.tgz",
      "integrity": "sha512-6oln3L3/9kB9GqngIbSCpoXaZAk65y7hqEOj9g+9pkTYi/fVxCQzQ6ivnePVUoFhp/M1BBjexQepw1ODqnAC5Q==",
      "devOptional": true,
      "hasInstallScript": true,
      "dependencies": {
        "@prisma/engines": "5.5.1"
      },
      "bin": {
        "prisma": "build/index.js"
      },
      "engines": {
        "node": ">=16.13"
      }
    },
    "node_modules/superjson": {
      "version": "1.12.4",
      "resolved": "https://registry.npmjs.org/superjson/-/superjson-1.12.4.tgz",
      "integrity": "sha512-vkpPQAxdCg9SLfPv5GPC5fnGrui/WryktoN9O5+Zif/14QIMjw+RITf/5LbBh+9QpBFb3KNvJth+puz2H8o6GQ==",
      "dependencies": {
        "copy-anything": "^3.0.2"
      },
      "engines": {
        "node": ">=10"
      }
    },
    "node_modules/tinejs": {
      "version": "0.0.74",
      "resolved": "https://registry.npmjs.org/tinejs/-/tinejs-0.0.74.tgz",
      "integrity": "sha512-1wV89pWdzJL4rOcoE58mdAVcAmHnq1T+yVdOOd/C6Dt0BgfJwlPqqh8pQOFlUGajJvsdUKkpzwiNHTvinTXBqg==",
      "dependencies": {
        "superjson": "^1.12.3",
        "uuid": "^9.0.0",
        "zod": "^3.21.4"
      }
    },
    "node_modules/typescript": {
      "version": "5.0.4",
      "resolved": "https://registry.npmjs.org/typescript/-/typescript-5.0.4.tgz",
      "integrity": "sha512-cW9T5W9xY37cc+jfEnaUvX91foxtHkza3Nw3wkoF4sSlKn0MONdkdEndig/qPBWXNkmplh3NzayQzCiHM4/hqw==",
      "dev": true,
      "bin": {
        "tsc": "bin/tsc",
        "tsserver": "bin/tsserver"
      },
      "engines": {
        "node": ">=12.20"
      }
    },
    "node_modules/uuid": {
      "version": "9.0.0",
      "resolved": "https://registry.npmjs.org/uuid/-/uuid-9.0.0.tgz",
      "integrity": "sha512-MXcSTerfPa4uqyzStbRoTgt5XIe3x5+42+q1sDuy3R5MDk66URdLMOZe5aPX/SQd+kuYAh0FdP/pO28IkQyTeg==",
      "bin": {
        "uuid": "dist/bin/uuid"
      }
    },
    "node_modules/zod": {
      "version": "3.21.4",
      "resolved": "https://registry.npmjs.org/zod/-/zod-3.21.4.tgz",
      "integrity": "sha512-m46AKbrzKVzOzs/DZgVnG5H55N1sv1M8qZU3A8RIKbs3mrACDNeIOeilDymVb2HdmP8uwshOCF4uJ8uM9rCqJw==",
      "funding": {
        "url": "https://github.com/sponsors/colinhacks"
      }
    }
  },
  "dependencies": {
    "@prisma/client": {
      "version": "5.5.1",
      "resolved": "https://registry.npmjs.org/@prisma/client/-/client-5.5.1.tgz",
      "integrity": "sha512-Yvcwx1/Q0nIdv2jvH/4pyTRl5I+76/ef0C3xCrAkBKTIjXHiRptbyyK/+CWEaBY9yE98MIdi9gwZcR3C22eTuQ==",
      "requires": {
        "@prisma/engines-version": "5.5.0-19.475c616176945d72f4330c92801f0c5e6398dc0f"
      }
    },
    "@prisma/engines": {
      "version": "5.5.1",
      "resolved": "https://registry.npmjs.org/@prisma/engines/-/engines-5.5.1.tgz",
      "integrity": "sha512-6P4bTYb7WCWwHW50tsJvZTeZIM7HotuwDEY61wAX46b69eMbuXTsNB9dquEmwKaiG7ggk+igOoH8chSO3+/VkQ==",
      "devOptional": true
    },
    "@prisma/engines-version": {
      "version": "5.5.0-19.475c616176945d72f4330c92801f0c5e6398dc0f",
      "resolved": "https://registry.npmjs.org/@prisma/engines-version/-/engines-version-5.5.0-19.475c616176945d72f4330c92801f0c5e6398dc0f.tgz",
      "integrity": "sha512-/1orOUq7I54ISYBJockYB15FmF/VkCBeFzYYkWyLtBl2tLlJWHmA3NEUBM+wSmXGLK78BmuSNHrLbf8bmXkukQ=="
    },
    "copy-anything": {
      "version": "3.0.5",
      "resolved": "https://registry.npmjs.org/copy-anything/-/copy-anything-3.0.5.tgz",
      "integrity": "sha512-yCEafptTtb4bk7GLEQoM8KVJpxAfdBJYaXyzQEgQQQgYrZiDp8SJmGKlYza6CYjEDNstAdNdKA3UuoULlEbS6w==",
      "requires": {
        "is-what": "^4.1.8"
      }
    },
    "is-what": {
      "version": "4.1.15",
      "resolved": "https://registry.npmjs.org/is-what/-/is-what-4.1.15.tgz",
      "integrity": "sha512-uKua1wfy3Yt+YqsD6mTUEa2zSi3G1oPlqTflgaPJ7z63vUGN5pxFpnQfeSLMFnJDEsdvOtkp1rUWkYjB4YfhgA=="
    },
    "prisma": {
      "version": "5.5.1",
      "resolved": "https://registry.npmjs.org/prisma/-/prisma-5.5.1.tgz",
      "integrity": "sha512-6oln3L3/9kB9GqngIbSCpoXaZAk65y7hqEOj9g+9pkTYi/fVxCQzQ6ivnePVUoFhp/M1BBjexQepw1ODqnAC5Q==",
      "devOptional": true,
      "requires": {
        "@prisma/engines": "5.5.1"
      }
    },
    "superjson": {
      "version": "1.12.4",
      "resolved": "https://registry.npmjs.org/superjson/-/superjson-1.12.4.tgz",
      "integrity": "sha512-vkpPQAxdCg9SLfPv5GPC5fnGrui/WryktoN9O5+Zif/14QIMjw+RITf/5LbBh+9QpBFb3KNvJth+puz2H8o6GQ==",
      "requires": {
        "copy-anything": "^3.0.2"
      }
    },
    "tinejs": {
      "version": "0.0.74",
      "resolved": "https://registry.npmjs.org/tinejs/-/tinejs-0.0.74.tgz",
      "integrity": "sha512-1wV89pWdzJL4rOcoE58mdAVcAmHnq1T+yVdOOd/C6Dt0BgfJwlPqqh8pQOFlUGajJvsdUKkpzwiNHTvinTXBqg==",
      "requires": {
        "superjson": "^1.12.3",
        "uuid": "^9.0.0",
        "zod": "^3.21.4"
      }
    },
    "typescript": {
      "version": "5.0.4",
      "resolved": "https://registry.npmjs.org/typescript/-/typescript-5.0.4.tgz",
      "integrity": "sha512-cW9T5W9xY37cc+jfEnaUvX91foxtHkza3Nw3wkoF4sSlKn0MONdkdEndig/qPBWXNkmplh3NzayQzCiHM4/hqw==",
      "dev": true
    },
    "uuid": {
      "version": "9.0.0",
      "resolved": "https://registry.npmjs.org/uuid/-/uuid-9.0.0.tgz",
      "integrity": "sha512-MXcSTerfPa4uqyzStbRoTgt5XIe3x5+42+q1sDuy3R5MDk66URdLMOZe5aPX/SQd+kuYAh0FdP/pO28IkQyTeg=="
    },
    "zod": {
      "version": "3.21.4",
      "resolved": "https://registry.npmjs.org/zod/-/zod-3.21.4.tgz",
      "integrity": "sha512-m46AKbrzKVzOzs/DZgVnG5H55N1sv1M8qZU3A8RIKbs3mrACDNeIOeilDymVb2HdmP8uwshOCF4uJ8uM9rCqJw=="
    }
  }
}
