# THIS IS AN AUTOGENERATED FILE. DO NOT EDIT THIS FILE DIRECTLY.
# yarn lockfile v1


"@prisma/client@^5.1.1":
  "integrity" "sha512-Yvcwx1/Q0nIdv2jvH/4pyTRl5I+76/ef0C3xCrAkBKTIjXHiRptbyyK/+CWEaBY9yE98MIdi9gwZcR3C22eTuQ=="
  "resolved" "https://registry.npmjs.org/@prisma/client/-/client-5.5.1.tgz"
  "version" "5.5.1"
  dependencies:
    "@prisma/engines-version" "5.5.0-19.475c616176945d72f4330c92801f0c5e6398dc0f"

"@prisma/engines-version@5.5.0-19.475c616176945d72f4330c92801f0c5e6398dc0f":
  "integrity" "sha512-/1orOUq7I54ISYBJockYB15FmF/VkCBeFzYYkWyLtBl2tLlJWHmA3NEUBM+wSmXGLK78BmuSNHrLbf8bmXkukQ=="
  "resolved" "https://registry.npmjs.org/@prisma/engines-version/-/engines-version-5.5.0-19.475c616176945d72f4330c92801f0c5e6398dc0f.tgz"
  "version" "5.5.0-19.475c616176945d72f4330c92801f0c5e6398dc0f"

"@prisma/engines@5.5.1":
  "integrity" "sha512-6P4bTYb7WCWwHW50tsJvZTeZIM7HotuwDEY61wAX46b69eMbuXTsNB9dquEmwKaiG7ggk+igOoH8chSO3+/VkQ=="
  "resolved" "https://registry.npmjs.org/@prisma/engines/-/engines-5.5.1.tgz"
  "version" "5.5.1"

"copy-anything@^3.0.2":
  "integrity" "sha512-yCEafptTtb4bk7GLEQoM8KVJpxAfdBJYaXyzQEgQQQgYrZiDp8SJmGKlYza6CYjEDNstAdNdKA3UuoULlEbS6w=="
  "resolved" "https://registry.npmjs.org/copy-anything/-/copy-anything-3.0.5.tgz"
  "version" "3.0.5"
  dependencies:
    "is-what" "^4.1.8"

"is-what@^4.1.8":
  "integrity" "sha512-uKua1wfy3Yt+YqsD6mTUEa2zSi3G1oPlqTflgaPJ7z63vUGN5pxFpnQfeSLMFnJDEsdvOtkp1rUWkYjB4YfhgA=="
  "resolved" "https://registry.npmjs.org/is-what/-/is-what-4.1.15.tgz"
  "version" "4.1.15"

"prisma@*", "prisma@^5.1.1":
  "integrity" "sha512-6oln3L3/9kB9GqngIbSCpoXaZAk65y7hqEOj9g+9pkTYi/fVxCQzQ6ivnePVUoFhp/M1BBjexQepw1ODqnAC5Q=="
  "resolved" "https://registry.npmjs.org/prisma/-/prisma-5.5.1.tgz"
  "version" "5.5.1"
  dependencies:
    "@prisma/engines" "5.5.1"

"superjson@^1.12.3":
  "integrity" "sha512-vkpPQAxdCg9SLfPv5GPC5fnGrui/WryktoN9O5+Zif/14QIMjw+RITf/5LbBh+9QpBFb3KNvJth+puz2H8o6GQ=="
  "resolved" "https://registry.npmjs.org/superjson/-/superjson-1.12.4.tgz"
  "version" "1.12.4"
  dependencies:
    "copy-anything" "^3.0.2"

"tinejs@^0.0.74":
  "integrity" "sha512-1wV89pWdzJL4rOcoE58mdAVcAmHnq1T+yVdOOd/C6Dt0BgfJwlPqqh8pQOFlUGajJvsdUKkpzwiNHTvinTXBqg=="
  "resolved" "https://registry.npmjs.org/tinejs/-/tinejs-0.0.74.tgz"
  "version" "0.0.74"
  dependencies:
    "superjson" "^1.12.3"
    "uuid" "^9.0.0"
    "zod" "^3.21.4"

"typescript@^5.0.4":
  "integrity" "sha512-cW9T5W9xY37cc+jfEnaUvX91foxtHkza3Nw3wkoF4sSlKn0MONdkdEndig/qPBWXNkmplh3NzayQzCiHM4/hqw=="
  "resolved" "https://registry.npmjs.org/typescript/-/typescript-5.0.4.tgz"
  "version" "5.0.4"

"uuid@^9.0.0":
  "integrity" "sha512-MXcSTerfPa4uqyzStbRoTgt5XIe3x5+42+q1sDuy3R5MDk66URdLMOZe5aPX/SQd+kuYAh0FdP/pO28IkQyTeg=="
  "resolved" "https://registry.npmjs.org/uuid/-/uuid-9.0.0.tgz"
  "version" "9.0.0"

"zod@^3.21.4":
  "integrity" "sha512-m46AKbrzKVzOzs/DZgVnG5H55N1sv1M8qZU3A8RIKbs3mrACDNeIOeilDymVb2HdmP8uwshOCF4uJ8uM9rCqJw=="
  "resolved" "https://registry.npmjs.org/zod/-/zod-3.21.4.tgz"
  "version" "3.21.4"
