# THIS IS AN AUTOGENERATED FILE. DO NOT EDIT THIS FILE DIRECTLY.
# yarn lockfile v1


"@prisma/client@^5.1.1":
  version "5.1.1"
  resolved "https://registry.yarnpkg.com/@prisma/client/-/client-5.1.1.tgz#ea2b0c8599bdb3f86d92e8df46fba795a744db01"
  integrity sha512-fxcCeK5pMQGcgCqCrWsi+I2rpIbk0rAhdrN+ke7f34tIrgPwA68ensrpin+9+fZvuV2OtzHmuipwduSY6HswdA==
  dependencies:
    "@prisma/engines-version" "5.1.1-1.6a3747c37ff169c90047725a05a6ef02e32ac97e"

"@prisma/engines-version@5.1.1-1.6a3747c37ff169c90047725a05a6ef02e32ac97e":
  version "5.1.1-1.6a3747c37ff169c90047725a05a6ef02e32ac97e"
  resolved "https://registry.yarnpkg.com/@prisma/engines-version/-/engines-version-5.1.1-1.6a3747c37ff169c90047725a05a6ef02e32ac97e.tgz#2e8a1f098ec09452dbe00923b24f582f95d1747c"
  integrity sha512-owZqbY/wucbr65bXJ/ljrHPgQU5xXTSkmcE/JcbqE1kusuAXV/TLN3/exmz21SZ5rJ7WDkyk70J2G/n68iogbQ==

"@prisma/engines@5.1.1":
  version "5.1.1"
  resolved "https://registry.yarnpkg.com/@prisma/engines/-/engines-5.1.1.tgz#9c26d209f93a563e048eab63b1976f222f1707d0"
  integrity sha512-NV/4nVNWFZSJCCIA3HIFJbbDKO/NARc9ej0tX5S9k2EVbkrFJC4Xt9b0u4rNZWL4V+F5LAjvta8vzEUw0rw+HA==

copy-anything@^3.0.2:
  version "3.0.5"
  resolved "https://registry.yarnpkg.com/copy-anything/-/copy-anything-3.0.5.tgz#2d92dce8c498f790fa7ad16b01a1ae5a45b020a0"
  integrity sha512-yCEafptTtb4bk7GLEQoM8KVJpxAfdBJYaXyzQEgQQQgYrZiDp8SJmGKlYza6CYjEDNstAdNdKA3UuoULlEbS6w==
  dependencies:
    is-what "^4.1.8"

is-what@^4.1.8:
  version "4.1.15"
  resolved "https://registry.yarnpkg.com/is-what/-/is-what-4.1.15.tgz#de43a81090417a425942d67b1ae86e7fae2eee0e"
  integrity sha512-uKua1wfy3Yt+YqsD6mTUEa2zSi3G1oPlqTflgaPJ7z63vUGN5pxFpnQfeSLMFnJDEsdvOtkp1rUWkYjB4YfhgA==

prisma@^5.1.1:
  version "5.1.1"
  resolved "https://registry.yarnpkg.com/prisma/-/prisma-5.1.1.tgz#8f5c0f9467a828746cb94f846d694dc7b7481a9e"
  integrity sha512-WJFG/U7sMmcc6TjJTTifTfpI6Wjoh55xl4AzopVwAdyK68L9/ogNo8QQ2cxuUjJf/Wa82z/uhyh3wMzvRIBphg==
  dependencies:
    "@prisma/engines" "5.1.1"

superjson@^1.12.3:
  version "1.13.3"
  resolved "https://registry.yarnpkg.com/superjson/-/superjson-1.13.3.tgz#3bd64046f6c0a47062850bb3180ef352a471f930"
  integrity sha512-mJiVjfd2vokfDxsQPOwJ/PtanO87LhpYY88ubI5dUB1Ab58Txbyje3+jpm+/83R/fevaq/107NNhtYBLuoTrFg==
  dependencies:
    copy-anything "^3.0.2"

tinejs@^0.0.74:
  version "0.0.74"
  resolved "https://registry.yarnpkg.com/tinejs/-/tinejs-0.0.74.tgz#3731012320390b158bc8000b8c49275f953f0875"
  integrity sha512-1wV89pWdzJL4rOcoE58mdAVcAmHnq1T+yVdOOd/C6Dt0BgfJwlPqqh8pQOFlUGajJvsdUKkpzwiNHTvinTXBqg==
  dependencies:
    superjson "^1.12.3"
    uuid "^9.0.0"
    zod "^3.21.4"

typescript@^5.0.4:
  version "5.1.6"
  resolved "https://registry.yarnpkg.com/typescript/-/typescript-5.1.6.tgz#02f8ac202b6dad2c0dd5e0913745b47a37998274"
  integrity sha512-zaWCozRZ6DLEWAWFrVDz1H6FVXzUSfTy5FUMWsQlU8Ym5JP9eO4xkTIROFCQvhQf61z6O/G6ugw3SgAnvvm+HA==

uuid@^9.0.0:
  version "9.0.1"
  resolved "https://registry.yarnpkg.com/uuid/-/uuid-9.0.1.tgz#e188d4c8853cc722220392c424cd637f32293f30"
  integrity sha512-b+1eJOlsR9K8HJpow9Ok3fiWOWSIcIzXodvv0rQjVoOVNpWMpxf1wZNpt4y9h10odCNrqnYp1OBzRktckBe3sA==

zod@^3.21.4:
  version "3.22.4"
  resolved "https://registry.yarnpkg.com/zod/-/zod-3.22.4.tgz#f31c3a9386f61b1f228af56faa9255e845cf3fff"
  integrity sha512-iC+8Io04lddc+mVqQ9AZ7OQ2MrUKGN+oIQyq1vemgt46jwCwLfhq7/pwnBnNXXXZb8VTVLKwp9EDkx+ryxIWmg==
